
Microsoft Visual Studio Solution File, Format Version 12.00
# Visual Studio Version 17
VisualStudioVersion = 17.0.31514.227
MinimumVisualStudioVersion = 10.0.40219.1
Project("{2150E333-8FDC-42A3-9474-1A3956D46DE8}") = "setup", "setup", "{AC8DB8AE-AC9F-4503-83C6-255B66C318C6}"
EndProject
Project("{9A19103F-16F7-4668-BE54-9A1E7A4F7556}") = "ProjectSystemSetup", "setup\ProjectSystemSetup\ProjectSystemSetup.csproj", "{9FBD7EF2-9449-486D-9FDD-FA56160AA8BB}"
EndProject
Project("{778DAE3C-4631-46EA-AA77-85C1314464D9}") = "Microsoft.VisualStudio.AppDesigner", "src\Microsoft.VisualStudio.AppDesigner\Microsoft.VisualStudio.AppDesigner.vbproj", "{19725D6F-4690-412B-934A-FC48D752B802}"
EndProject
Project("{778DAE3C-4631-46EA-AA77-85C1314464D9}") = "Microsoft.VisualStudio.Editors", "src\Microsoft.VisualStudio.Editors\Microsoft.VisualStudio.Editors.vbproj", "{CD6E5D00-7B0B-442D-9F5D-EAEC1A71838A}"
EndProject
Project("{9A19103F-16F7-4668-BE54-9A1E7A4F7556}") = "Microsoft.VisualStudio.ProjectSystem.Managed", "src\Microsoft.VisualStudio.ProjectSystem.Managed\Microsoft.VisualStudio.ProjectSystem.Managed.csproj", "{6C6A41CE-72C5-4D77-8208-D01693F9BC88}"
EndProject
Project("{9A19103F-16F7-4668-BE54-9A1E7A4F7556}") = "Microsoft.VisualStudio.ProjectSystem.Managed.UnitTests", "tests\Microsoft.VisualStudio.ProjectSystem.Managed.UnitTests\Microsoft.VisualStudio.ProjectSystem.Managed.UnitTests.csproj", "{C7EC63F8-F96A-4A8F-B879-D572516746B4}"
EndProject
Project("{9A19103F-16F7-4668-BE54-9A1E7A4F7556}") = "Microsoft.VisualStudio.ProjectSystem.Managed.VS", "src\Microsoft.VisualStudio.ProjectSystem.Managed.VS\Microsoft.VisualStudio.ProjectSystem.Managed.VS.csproj", "{1C5666EA-24A4-4EC2-B8FB-FAEDF6B14697}"
EndProject
Project("{9A19103F-16F7-4668-BE54-9A1E7A4F7556}") = "Microsoft.VisualStudio.ProjectSystem.Managed.VS.UnitTests", "tests\Microsoft.VisualStudio.ProjectSystem.Managed.VS.UnitTests\Microsoft.VisualStudio.ProjectSystem.Managed.VS.UnitTests.csproj", "{469B50E9-FE67-459E-8AFA-44CBE523DBF6}"
EndProject
Project("{9A19103F-16F7-4668-BE54-9A1E7A4F7556}") = "VisualStudioEditorsSetup", "setup\VisualStudioEditorsSetup\VisualStudioEditorsSetup.csproj", "{49705330-A4F5-47EA-BB10-3B783CE91AEA}"
EndProject
Project("{9A19103F-16F7-4668-BE54-9A1E7A4F7556}") = "Microsoft.VisualStudio.ProjectSystem.Managed.TestServices.UnitTests", "tests\Microsoft.VisualStudio.ProjectSystem.Managed.TestServices.UnitTests\Microsoft.VisualStudio.ProjectSystem.Managed.TestServices.UnitTests.csproj", "{369DCA0F-A079-4D0C-8B32-53879199B681}"
EndProject
Project("{9A19103F-16F7-4668-BE54-9A1E7A4F7556}") = "Microsoft.VisualStudio.ProjectSystem.IntegrationTests", "tests\Microsoft.VisualStudio.ProjectSystem.IntegrationTests\Microsoft.VisualStudio.ProjectSystem.IntegrationTests.csproj", "{FB209C68-77C0-4EE9-BCA9-0B3D5721C436}"
EndProject
Project("{9A19103F-16F7-4668-BE54-9A1E7A4F7556}") = "Microsoft.VisualStudio.ProjectSystem.Managed.CommonFiles", "setup\Microsoft.VisualStudio.ProjectSystem.Managed.CommonFiles\Microsoft.VisualStudio.ProjectSystem.Managed.CommonFiles.csproj", "{46C756B9-2D8E-4453-8F06-42BBE25D1805}"
EndProject
Project("{9A19103F-16F7-4668-BE54-9A1E7A4F7556}") = "DeployTestDependencies", "tests\DeployTestDependencies\DeployTestDependencies.csproj", "{892500A5-BF6B-4FD5-A7B9-5EEA20EB775F}"
EndProject
Project("{9A19103F-16F7-4668-BE54-9A1E7A4F7556}") = "DeployIntegrationDependencies", "tests\DeployIntegrationDependencies\DeployIntegrationDependencies.csproj", "{C16993CC-6063-4447-AE16-BE671AFDE08A}"
EndProject
Project("{D954291E-2A0B-460D-934E-DC6B0785DB48}") = "eng", "eng\eng.shproj", "{41D1FA55-B719-4E8D-9D79-F7610004D496}"
EndProject
Project("{2150E333-8FDC-42A3-9474-1A3956D46DE8}") = "tests", "tests", "{7349958E-C619-481F-BB2A-8A4CA2E349D9}"
	ProjectSection(SolutionItems) = preProject
		tests\.editorconfig = tests\.editorconfig
		tests\Directory.Build.props = tests\Directory.Build.props
		tests\Directory.Build.targets = tests\Directory.Build.targets
	EndProjectSection
EndProject
Project("{2150E333-8FDC-42A3-9474-1A3956D46DE8}") = "src", "src", "{1FF0293B-6808-4BB1-8370-1FE222986654}"
	ProjectSection(SolutionItems) = preProject
		src\Directory.Build.props = src\Directory.Build.props
		src\Directory.Build.targets = src\Directory.Build.targets
	EndProjectSection
EndProject
Project("{D954291E-2A0B-460D-934E-DC6B0785DB48}") = "docs", "docs\docs.shproj", "{FF972A03-384A-4B2D-A254-F21CF000DAB9}"
EndProject
Project("{D954291E-2A0B-460D-934E-DC6B0785DB48}") = "Microsoft.VisualStudio.ProjectSystem.Managed.TestServices", "tests\Microsoft.VisualStudio.ProjectSystem.Managed.TestServices\Microsoft.VisualStudio.ProjectSystem.Managed.TestServices.shproj", "{02578366-DFA9-4827-93F7-08E2AE5CE6A4}"
EndProject
Project("{2150E333-8FDC-42A3-9474-1A3956D46DE8}") = "items", "items", "{5204CAC5-CAD7-4291-BDCD-AF5D8AC37560}"
	ProjectSection(SolutionItems) = preProject
		.editorconfig = .editorconfig
		.gitattributes = .gitattributes
		.gitignore = .gitignore
		.vsconfig = .vsconfig
		build.cmd = build.cmd
		codecov.yml = codecov.yml
		CODE_OF_CONDUCT.md = CODE_OF_CONDUCT.md
		CONTRIBUTING.md = CONTRIBUTING.md
		Directory.Build.props = Directory.Build.props
		Directory.Build.targets = Directory.Build.targets
		Launch.cmd = Launch.cmd
		LICENSE.md = LICENSE.md
		nuget.config = nuget.config
		README.md = README.md
		SECURITY.md = SECURITY.md
		spelling.dic = spelling.dic
		version.json = version.json
	EndProjectSection
EndProject
Project("{778DAE3C-4631-46EA-AA77-85C1314464D9}") = "Microsoft.VisualStudio.Editors.UnitTests", "tests\Microsoft.VisualStudio.Editors.UnitTests\Microsoft.VisualStudio.Editors.UnitTests.vbproj", "{A0B3F2BD-C92A-4037-A9F0-4EC484267E75}"
EndProject
Project("{2150E333-8FDC-42A3-9474-1A3956D46DE8}") = "Common", "Common", "{2BEDB95B-AAC2-4F6D-92EA-61F07E77887E}"
	ProjectSection(SolutionItems) = preProject
		src\Common\BannedSymbols.txt = src\Common\BannedSymbols.txt
	EndProjectSection
EndProject
Global
	GlobalSection(SolutionConfigurationPlatforms) = preSolution
		Debug|Any CPU = Debug|Any CPU
		Release|Any CPU = Release|Any CPU
		Description = The .NET project system for Visual Studio.
	EndGlobalSection
	GlobalSection(ProjectConfigurationPlatforms) = postSolution
		{9FBD7EF2-9449-486D-9FDD-FA56160AA8BB}.Debug|Any CPU.ActiveCfg = Debug|Any CPU
		{9FBD7EF2-9449-486D-9FDD-FA56160AA8BB}.Debug|Any CPU.Build.0 = Debug|Any CPU
		{9FBD7EF2-9449-486D-9FDD-FA56160AA8BB}.Release|Any CPU.ActiveCfg = Release|Any CPU
		{9FBD7EF2-9449-486D-9FDD-FA56160AA8BB}.Release|Any CPU.Build.0 = Release|Any CPU
		{19725D6F-4690-412B-934A-FC48D752B802}.Debug|Any CPU.ActiveCfg = Debug|Any CPU
		{19725D6F-4690-412B-934A-FC48D752B802}.Debug|Any CPU.Build.0 = Debug|Any CPU
		{19725D6F-4690-412B-934A-FC48D752B802}.Release|Any CPU.ActiveCfg = Release|Any CPU
		{19725D6F-4690-412B-934A-FC48D752B802}.Release|Any CPU.Build.0 = Release|Any CPU
		{CD6E5D00-7B0B-442D-9F5D-EAEC1A71838A}.Debug|Any CPU.ActiveCfg = Debug|Any CPU
		{CD6E5D00-7B0B-442D-9F5D-EAEC1A71838A}.Debug|Any CPU.Build.0 = Debug|Any CPU
		{CD6E5D00-7B0B-442D-9F5D-EAEC1A71838A}.Release|Any CPU.ActiveCfg = Release|Any CPU
		{CD6E5D00-7B0B-442D-9F5D-EAEC1A71838A}.Release|Any CPU.Build.0 = Release|Any CPU
		{6C6A41CE-72C5-4D77-8208-D01693F9BC88}.Debug|Any CPU.ActiveCfg = Debug|Any CPU
		{6C6A41CE-72C5-4D77-8208-D01693F9BC88}.Debug|Any CPU.Build.0 = Debug|Any CPU
		{6C6A41CE-72C5-4D77-8208-D01693F9BC88}.Release|Any CPU.ActiveCfg = Release|Any CPU
		{6C6A41CE-72C5-4D77-8208-D01693F9BC88}.Release|Any CPU.Build.0 = Release|Any CPU
		{C7EC63F8-F96A-4A8F-B879-D572516746B4}.Debug|Any CPU.ActiveCfg = Debug|Any CPU
		{C7EC63F8-F96A-4A8F-B879-D572516746B4}.Debug|Any CPU.Build.0 = Debug|Any CPU
		{C7EC63F8-F96A-4A8F-B879-D572516746B4}.Release|Any CPU.ActiveCfg = Release|Any CPU
		{C7EC63F8-F96A-4A8F-B879-D572516746B4}.Release|Any CPU.Build.0 = Release|Any CPU
		{1C5666EA-24A4-4EC2-B8FB-FAEDF6B14697}.Debug|Any CPU.ActiveCfg = Debug|Any CPU
		{1C5666EA-24A4-4EC2-B8FB-FAEDF6B14697}.Debug|Any CPU.Build.0 = Debug|Any CPU
		{1C5666EA-24A4-4EC2-B8FB-FAEDF6B14697}.Release|Any CPU.ActiveCfg = Release|Any CPU
		{1C5666EA-24A4-4EC2-B8FB-FAEDF6B14697}.Release|Any CPU.Build.0 = Release|Any CPU
		{469B50E9-FE67-459E-8AFA-44CBE523DBF6}.Debug|Any CPU.ActiveCfg = Debug|Any CPU
		{469B50E9-FE67-459E-8AFA-44CBE523DBF6}.Debug|Any CPU.Build.0 = Debug|Any CPU
		{469B50E9-FE67-459E-8AFA-44CBE523DBF6}.Release|Any CPU.ActiveCfg = Release|Any CPU
		{469B50E9-FE67-459E-8AFA-44CBE523DBF6}.Release|Any CPU.Build.0 = Release|Any CPU
		{49705330-A4F5-47EA-BB10-3B783CE91AEA}.Debug|Any CPU.ActiveCfg = Debug|Any CPU
		{49705330-A4F5-47EA-BB10-3B783CE91AEA}.Debug|Any CPU.Build.0 = Debug|Any CPU
		{49705330-A4F5-47EA-BB10-3B783CE91AEA}.Release|Any CPU.ActiveCfg = Release|Any CPU
		{49705330-A4F5-47EA-BB10-3B783CE91AEA}.Release|Any CPU.Build.0 = Release|Any CPU
		{369DCA0F-A079-4D0C-8B32-53879199B681}.Debug|Any CPU.ActiveCfg = Debug|Any CPU
		{369DCA0F-A079-4D0C-8B32-53879199B681}.Debug|Any CPU.Build.0 = Debug|Any CPU
		{369DCA0F-A079-4D0C-8B32-53879199B681}.Release|Any CPU.ActiveCfg = Release|Any CPU
		{369DCA0F-A079-4D0C-8B32-53879199B681}.Release|Any CPU.Build.0 = Release|Any CPU
		{FB209C68-77C0-4EE9-BCA9-0B3D5721C436}.Debug|Any CPU.ActiveCfg = Debug|Any CPU
		{FB209C68-77C0-4EE9-BCA9-0B3D5721C436}.Debug|Any CPU.Build.0 = Debug|Any CPU
		{FB209C68-77C0-4EE9-BCA9-0B3D5721C436}.Release|Any CPU.ActiveCfg = Release|Any CPU
		{FB209C68-77C0-4EE9-BCA9-0B3D5721C436}.Release|Any CPU.Build.0 = Release|Any CPU
		{46C756B9-2D8E-4453-8F06-42BBE25D1805}.Debug|Any CPU.ActiveCfg = Debug|Any CPU
		{46C756B9-2D8E-4453-8F06-42BBE25D1805}.Debug|Any CPU.Build.0 = Debug|Any CPU
		{46C756B9-2D8E-4453-8F06-42BBE25D1805}.Release|Any CPU.ActiveCfg = Release|Any CPU
		{46C756B9-2D8E-4453-8F06-42BBE25D1805}.Release|Any CPU.Build.0 = Release|Any CPU
		{892500A5-BF6B-4FD5-A7B9-5EEA20EB775F}.Debug|Any CPU.ActiveCfg = Debug|Any CPU
		{892500A5-BF6B-4FD5-A7B9-5EEA20EB775F}.Debug|Any CPU.Build.0 = Debug|Any CPU
		{892500A5-BF6B-4FD5-A7B9-5EEA20EB775F}.Release|Any CPU.ActiveCfg = Release|Any CPU
		{892500A5-BF6B-4FD5-A7B9-5EEA20EB775F}.Release|Any CPU.Build.0 = Release|Any CPU
		{C16993CC-6063-4447-AE16-BE671AFDE08A}.Debug|Any CPU.ActiveCfg = Debug|Any CPU
		{C16993CC-6063-4447-AE16-BE671AFDE08A}.Debug|Any CPU.Build.0 = Debug|Any CPU
		{C16993CC-6063-4447-AE16-BE671AFDE08A}.Release|Any CPU.ActiveCfg = Release|Any CPU
		{C16993CC-6063-4447-AE16-BE671AFDE08A}.Release|Any CPU.Build.0 = Release|Any CPU
		{A0B3F2BD-C92A-4037-A9F0-4EC484267E75}.Debug|Any CPU.ActiveCfg = Debug|Any CPU
		{A0B3F2BD-C92A-4037-A9F0-4EC484267E75}.Debug|Any CPU.Build.0 = Debug|Any CPU
		{A0B3F2BD-C92A-4037-A9F0-4EC484267E75}.Release|Any CPU.ActiveCfg = Release|Any CPU
		{A0B3F2BD-C92A-4037-A9F0-4EC484267E75}.Release|Any CPU.Build.0 = Release|Any CPU
	EndGlobalSection
	GlobalSection(SolutionProperties) = preSolution
		HideSolutionNode = FALSE
	EndGlobalSection
	GlobalSection(NestedProjects) = preSolution
		{9FBD7EF2-9449-486D-9FDD-FA56160AA8BB} = {AC8DB8AE-AC9F-4503-83C6-255B66C318C6}
		{19725D6F-4690-412B-934A-FC48D752B802} = {1FF0293B-6808-4BB1-8370-1FE222986654}
		{CD6E5D00-7B0B-442D-9F5D-EAEC1A71838A} = {1FF0293B-6808-4BB1-8370-1FE222986654}
		{6C6A41CE-72C5-4D77-8208-D01693F9BC88} = {1FF0293B-6808-4BB1-8370-1FE222986654}
		{C7EC63F8-F96A-4A8F-B879-D572516746B4} = {7349958E-C619-481F-BB2A-8A4CA2E349D9}
		{1C5666EA-24A4-4EC2-B8FB-FAEDF6B14697} = {1FF0293B-6808-4BB1-8370-1FE222986654}
		{469B50E9-FE67-459E-8AFA-44CBE523DBF6} = {7349958E-C619-481F-BB2A-8A4CA2E349D9}
		{49705330-A4F5-47EA-BB10-3B783CE91AEA} = {AC8DB8AE-AC9F-4503-83C6-255B66C318C6}
		{369DCA0F-A079-4D0C-8B32-53879199B681} = {7349958E-C619-481F-BB2A-8A4CA2E349D9}
		{FB209C68-77C0-4EE9-BCA9-0B3D5721C436} = {7349958E-C619-481F-BB2A-8A4CA2E349D9}
		{46C756B9-2D8E-4453-8F06-42BBE25D1805} = {AC8DB8AE-AC9F-4503-83C6-255B66C318C6}
		{892500A5-BF6B-4FD5-A7B9-5EEA20EB775F} = {7349958E-C619-481F-BB2A-8A4CA2E349D9}
		{C16993CC-6063-4447-AE16-BE671AFDE08A} = {7349958E-C619-481F-BB2A-8A4CA2E349D9}
		{02578366-DFA9-4827-93F7-08E2AE5CE6A4} = {7349958E-C619-481F-BB2A-8A4CA2E349D9}
		{A0B3F2BD-C92A-4037-A9F0-4EC484267E75} = {7349958E-C619-481F-BB2A-8A4CA2E349D9}
		{2BEDB95B-AAC2-4F6D-92EA-61F07E77887E} = {1FF0293B-6808-4BB1-8370-1FE222986654}
	EndGlobalSection
	GlobalSection(ExtensibilityGlobals) = postSolution
		SolutionGuid = {6B652C28-D1FD-4885-A0CA-4704C54E78E7}
	EndGlobalSection
	GlobalSection(SharedMSBuildProjectFiles) = preSolution
		tests\Microsoft.VisualStudio.ProjectSystem.Managed.TestServices\Microsoft.VisualStudio.ProjectSystem.Managed.TestServices.projitems*{02578366-dfa9-4827-93f7-08e2ae5ce6a4}*SharedItemsImports = 13
		tests\Microsoft.VisualStudio.ProjectSystem.Managed.TestServices\Microsoft.VisualStudio.ProjectSystem.Managed.TestServices.projitems*{369dca0f-a079-4d0c-8b32-53879199b681}*SharedItemsImports = 5
		eng\eng.projitems*{41d1fa55-b719-4e8d-9d79-f7610004d496}*SharedItemsImports = 13
		tests\Microsoft.VisualStudio.ProjectSystem.Managed.TestServices\Microsoft.VisualStudio.ProjectSystem.Managed.TestServices.projitems*{c7ec63f8-f96a-4a8f-b879-d572516746b4}*SharedItemsImports = 5
		docs\docs.projitems*{ff972a03-384a-4b2d-a254-f21cf000dab9}*SharedItemsImports = 13
	EndGlobalSection
EndGlobal
