
Microsoft Visual Studio Solution File, Format Version 12.00
# Visual Studio 15
VisualStudioVersion = 15.0.26913.0
MinimumVisualStudioVersion = 10.0.40219.1
Project("{9A19103F-16F7-4668-BE54-9A1E7A4F7556}") = "ProjectSystemTools", "src\ProjectSystemTools\ProjectSystemTools.csproj", "{4ADB9F32-E622-4EAA-8DF8-C6D9298FE0EB}"
EndProject
Project("{FAE04EC0-301F-11D3-BF4B-00C04F79EFBC}") = "LogProviders", "src\LogProviders\LogProviders.csproj", "{14674C3A-71F4-4804-81D9-78B95DED8A93}"
EndProject
Global
	GlobalSection(SolutionConfigurationPlatforms) = preSolution
		Debug|Any CPU = Debug|Any CPU
		Release|Any CPU = Release|Any CPU
	EndGlobalSection
	GlobalSection(ProjectConfigurationPlatforms) = postSolution
		{4ADB9F32-E622-4EAA-8DF8-C6D9298FE0EB}.Debug|Any CPU.ActiveCfg = Debug|Any CPU
		{4ADB9F32-E622-4EAA-8DF8-C6D9298FE0EB}.Debug|Any CPU.Build.0 = Debug|Any CPU
		{4ADB9F32-E622-4EAA-8DF8-C6D9298FE0EB}.Release|Any CPU.ActiveCfg = Release|Any CPU
		{4ADB9F32-E622-4EAA-8DF8-C6D9298FE0EB}.Release|Any CPU.Build.0 = Release|Any CPU
		{14674C3A-71F4-4804-81D9-78B95DED8A93}.Debug|Any CPU.ActiveCfg = Debug|Any CPU
		{14674C3A-71F4-4804-81D9-78B95DED8A93}.Debug|Any CPU.Build.0 = Debug|Any CPU
		{14674C3A-71F4-4804-81D9-78B95DED8A93}.Release|Any CPU.ActiveCfg = Release|Any CPU
		{14674C3A-71F4-4804-81D9-78B95DED8A93}.Release|Any CPU.Build.0 = Release|Any CPU
	EndGlobalSection
	GlobalSection(SolutionProperties) = preSolution
		HideSolutionNode = FALSE
	EndGlobalSection
	GlobalSection(ExtensibilityGlobals) = postSolution
		SolutionGuid = {0076950C-BE56-449A-A875-8987AF2C1DF7}
	EndGlobalSection
EndGlobal
