
Microsoft Visual Studio Solution File, Format Version 12.00
# Visual Studio Version 16
VisualStudioVersion = 16.0.28301.62
MinimumVisualStudioVersion = 10.0.40219.1
Project("{9A19103F-16F7-4668-BE54-9A1E7A4F7556}") = "ProjectSystemSetup", "src\ProjectSystemSetup\ProjectSystemSetup.csproj", "{9FBD7EF2-9449-486D-9FDD-FA56160AA8BB}"
EndProject
Project("{778DAE3C-4631-46EA-AA77-85C1314464D9}") = "Microsoft.VisualStudio.AppDesigner", "src\Microsoft.VisualStudio.AppDesigner\Microsoft.VisualStudio.AppDesigner.vbproj", "{19725D6F-4690-412B-934A-FC48D752B802}"
EndProject
Project("{778DAE3C-4631-46EA-AA77-85C1314464D9}") = "Microsoft.VisualStudio.Editors", "src\Microsoft.VisualStudio.Editors\Microsoft.VisualStudio.Editors.vbproj", "{CD6E5D00-7B0B-442D-9F5D-EAEC1A71838A}"
EndProject
Project("{9A19103F-16F7-4668-BE54-9A1E7A4F7556}") = "Microsoft.VisualStudio.ProjectSystem.Managed", "src\Microsoft.VisualStudio.ProjectSystem.Managed\Microsoft.VisualStudio.ProjectSystem.Managed.csproj", "{6C6A41CE-72C5-4D77-8208-D01693F9BC88}"
EndProject
Project("{9A19103F-16F7-4668-BE54-9A1E7A4F7556}") = "Microsoft.VisualStudio.ProjectSystem.Managed.UnitTests", "src\Microsoft.VisualStudio.ProjectSystem.Managed.UnitTests\Microsoft.VisualStudio.ProjectSystem.Managed.UnitTests.csproj", "{C7EC63F8-F96A-4A8F-B879-D572516746B4}"
EndProject
Project("{9A19103F-16F7-4668-BE54-9A1E7A4F7556}") = "Microsoft.VisualStudio.ProjectSystem.Managed.VS", "src\Microsoft.VisualStudio.ProjectSystem.Managed.VS\Microsoft.VisualStudio.ProjectSystem.Managed.VS.csproj", "{1C5666EA-24A4-4EC2-B8FB-FAEDF6B14697}"
EndProject
Project("{9A19103F-16F7-4668-BE54-9A1E7A4F7556}") = "Microsoft.VisualStudio.ProjectSystem.Managed.VS.UnitTests", "src\Microsoft.VisualStudio.ProjectSystem.Managed.VS.UnitTests\Microsoft.VisualStudio.ProjectSystem.Managed.VS.UnitTests.csproj", "{469B50E9-FE67-459E-8AFA-44CBE523DBF6}"
EndProject
Project("{9A19103F-16F7-4668-BE54-9A1E7A4F7556}") = "VisualStudioEditorsSetup", "src\VisualStudioEditorsSetup\VisualStudioEditorsSetup.csproj", "{49705330-A4F5-47EA-BB10-3B783CE91AEA}"
EndProject
Project("{9A19103F-16F7-4668-BE54-9A1E7A4F7556}") = "Microsoft.VisualStudio.ProjectSystem.Managed.TestServices", "src\Microsoft.VisualStudio.ProjectSystem.Managed.TestServices\Microsoft.VisualStudio.ProjectSystem.Managed.TestServices.csproj", "{23BCBC90-ED65-4EE3-8AF1-DD7CAEFDBEE9}"
EndProject
Project("{9A19103F-16F7-4668-BE54-9A1E7A4F7556}") = "Microsoft.VisualStudio.ProjectSystem.Managed.TestServices.UnitTests", "src\Microsoft.VisualStudio.ProjectSystem.Managed.TestServices.UnitTests\Microsoft.VisualStudio.ProjectSystem.Managed.TestServices.UnitTests.csproj", "{369DCA0F-A079-4D0C-8B32-53879199B681}"
EndProject
Project("{9A19103F-16F7-4668-BE54-9A1E7A4F7556}") = "Microsoft.VisualStudio.ProjectSystem.IntegrationTests", "src\Microsoft.VisualStudio.ProjectSystem.IntegrationTests\Microsoft.VisualStudio.ProjectSystem.IntegrationTests.csproj", "{FB209C68-77C0-4EE9-BCA9-0B3D5721C436}"
EndProject
Project("{9A19103F-16F7-4668-BE54-9A1E7A4F7556}") = "Microsoft.VisualStudio.ProjectSystem.Managed.CommonFiles", "setup\Microsoft.VisualStudio.ProjectSystem.Managed.CommonFiles\Microsoft.VisualStudio.ProjectSystem.Managed.CommonFiles.csproj", "{46C756B9-2D8E-4453-8F06-42BBE25D1805}"
EndProject
Project("{9A19103F-16F7-4668-BE54-9A1E7A4F7556}") = "DeployTestDependencies", "src\DeployTestDependencies\DeployTestDependencies.csproj", "{892500A5-BF6B-4FD5-A7B9-5EEA20EB775F}"
EndProject
Project("{9A19103F-16F7-4668-BE54-9A1E7A4F7556}") = "DeployIntegrationDependencies", "src\DeployIntegrationDependencies\DeployIntegrationDependencies.csproj", "{C16993CC-6063-4447-AE16-BE671AFDE08A}"
EndProject
Project("{2150E333-8FDC-42A3-9474-1A3956D46DE8}") = "Build", "Build", "{DD7EF107-AAD4-4C43-8A58-0DC1BC614ADE}"
	ProjectSection(SolutionItems) = preProject
		.editorconfig = .editorconfig
		build\Packages.targets = build\Packages.targets
		build\SignToolData.json = build\SignToolData.json
		build\Versions.props = build\Versions.props
		build\VisualStudio.XamlRules.props = build\VisualStudio.XamlRules.props
		build\VisualStudio.XamlRules.targets = build\VisualStudio.XamlRules.targets
	EndProjectSection
EndProject
Project("{2150E333-8FDC-42A3-9474-1A3956D46DE8}") = "Rulesets", "Rulesets", "{E09AD054-22FC-4E70-8889-0F3DCF1267C7}"
	ProjectSection(SolutionItems) = preProject
		build\Default.ruleset = build\Default.ruleset
		build\Test.ruleset = build\Test.ruleset
	EndProjectSection
EndProject
Project("{2150E333-8FDC-42A3-9474-1A3956D46DE8}") = "Nuget", "Nuget", "{6A95E22E-6D85-4494-AEB5-FCD60A8E88A3}"
	ProjectSection(SolutionItems) = preProject
		src\HostAgnostic.props = src\HostAgnostic.props
		build\Packages.targets = build\Packages.targets
		src\VisualStudio.props = src\VisualStudio.props
		src\VisualStudioDesigner.props = src\VisualStudioDesigner.props
	EndProjectSection
EndProject
Project("{9A19103F-16F7-4668-BE54-9A1E7A4F7556}") = "Documentation", "docs\Documentation.csproj", "{C51202A5-0C1F-4146-8059-5F7B8A048232}"
EndProject
Global
	GlobalSection(SolutionConfigurationPlatforms) = preSolution
		Debug|Any CPU = Debug|Any CPU
		Release|Any CPU = Release|Any CPU
		Description = The C# and Visual Basic project system for Visual Studio 2017.
	EndGlobalSection
	GlobalSection(ProjectConfigurationPlatforms) = postSolution
		{9FBD7EF2-9449-486D-9FDD-FA56160AA8BB}.Debug|Any CPU.ActiveCfg = Debug|Any CPU
		{9FBD7EF2-9449-486D-9FDD-FA56160AA8BB}.Debug|Any CPU.Build.0 = Debug|Any CPU
		{9FBD7EF2-9449-486D-9FDD-FA56160AA8BB}.Release|Any CPU.ActiveCfg = Release|Any CPU
		{9FBD7EF2-9449-486D-9FDD-FA56160AA8BB}.Release|Any CPU.Build.0 = Release|Any CPU
		{19725D6F-4690-412B-934A-FC48D752B802}.Debug|Any CPU.ActiveCfg = Debug|Any CPU
		{19725D6F-4690-412B-934A-FC48D752B802}.Debug|Any CPU.Build.0 = Debug|Any CPU
		{19725D6F-4690-412B-934A-FC48D752B802}.Release|Any CPU.ActiveCfg = Release|Any CPU
		{19725D6F-4690-412B-934A-FC48D752B802}.Release|Any CPU.Build.0 = Release|Any CPU
		{CD6E5D00-7B0B-442D-9F5D-EAEC1A71838A}.Debug|Any CPU.ActiveCfg = Debug|Any CPU
		{CD6E5D00-7B0B-442D-9F5D-EAEC1A71838A}.Debug|Any CPU.Build.0 = Debug|Any CPU
		{CD6E5D00-7B0B-442D-9F5D-EAEC1A71838A}.Release|Any CPU.ActiveCfg = Release|Any CPU
		{CD6E5D00-7B0B-442D-9F5D-EAEC1A71838A}.Release|Any CPU.Build.0 = Release|Any CPU
		{6C6A41CE-72C5-4D77-8208-D01693F9BC88}.Debug|Any CPU.ActiveCfg = Debug|Any CPU
		{6C6A41CE-72C5-4D77-8208-D01693F9BC88}.Debug|Any CPU.Build.0 = Debug|Any CPU
		{6C6A41CE-72C5-4D77-8208-D01693F9BC88}.Release|Any CPU.ActiveCfg = Release|Any CPU
		{6C6A41CE-72C5-4D77-8208-D01693F9BC88}.Release|Any CPU.Build.0 = Release|Any CPU
		{C7EC63F8-F96A-4A8F-B879-D572516746B4}.Debug|Any CPU.ActiveCfg = Debug|Any CPU
		{C7EC63F8-F96A-4A8F-B879-D572516746B4}.Debug|Any CPU.Build.0 = Debug|Any CPU
		{C7EC63F8-F96A-4A8F-B879-D572516746B4}.Release|Any CPU.ActiveCfg = Release|Any CPU
		{C7EC63F8-F96A-4A8F-B879-D572516746B4}.Release|Any CPU.Build.0 = Release|Any CPU
		{1C5666EA-24A4-4EC2-B8FB-FAEDF6B14697}.Debug|Any CPU.ActiveCfg = Debug|Any CPU
		{1C5666EA-24A4-4EC2-B8FB-FAEDF6B14697}.Debug|Any CPU.Build.0 = Debug|Any CPU
		{1C5666EA-24A4-4EC2-B8FB-FAEDF6B14697}.Release|Any CPU.ActiveCfg = Release|Any CPU
		{1C5666EA-24A4-4EC2-B8FB-FAEDF6B14697}.Release|Any CPU.Build.0 = Release|Any CPU
		{469B50E9-FE67-459E-8AFA-44CBE523DBF6}.Debug|Any CPU.ActiveCfg = Debug|Any CPU
		{469B50E9-FE67-459E-8AFA-44CBE523DBF6}.Debug|Any CPU.Build.0 = Debug|Any CPU
		{469B50E9-FE67-459E-8AFA-44CBE523DBF6}.Release|Any CPU.ActiveCfg = Release|Any CPU
		{469B50E9-FE67-459E-8AFA-44CBE523DBF6}.Release|Any CPU.Build.0 = Release|Any CPU
		{49705330-A4F5-47EA-BB10-3B783CE91AEA}.Debug|Any CPU.ActiveCfg = Debug|Any CPU
		{49705330-A4F5-47EA-BB10-3B783CE91AEA}.Debug|Any CPU.Build.0 = Debug|Any CPU
		{49705330-A4F5-47EA-BB10-3B783CE91AEA}.Release|Any CPU.ActiveCfg = Release|Any CPU
		{49705330-A4F5-47EA-BB10-3B783CE91AEA}.Release|Any CPU.Build.0 = Release|Any CPU
		{23BCBC90-ED65-4EE3-8AF1-DD7CAEFDBEE9}.Debug|Any CPU.ActiveCfg = Debug|Any CPU
		{23BCBC90-ED65-4EE3-8AF1-DD7CAEFDBEE9}.Debug|Any CPU.Build.0 = Debug|Any CPU
		{23BCBC90-ED65-4EE3-8AF1-DD7CAEFDBEE9}.Release|Any CPU.ActiveCfg = Release|Any CPU
		{23BCBC90-ED65-4EE3-8AF1-DD7CAEFDBEE9}.Release|Any CPU.Build.0 = Release|Any CPU
		{369DCA0F-A079-4D0C-8B32-53879199B681}.Debug|Any CPU.ActiveCfg = Debug|Any CPU
		{369DCA0F-A079-4D0C-8B32-53879199B681}.Debug|Any CPU.Build.0 = Debug|Any CPU
		{369DCA0F-A079-4D0C-8B32-53879199B681}.Release|Any CPU.ActiveCfg = Release|Any CPU
		{369DCA0F-A079-4D0C-8B32-53879199B681}.Release|Any CPU.Build.0 = Release|Any CPU
		{FB209C68-77C0-4EE9-BCA9-0B3D5721C436}.Debug|Any CPU.ActiveCfg = Debug|Any CPU
		{FB209C68-77C0-4EE9-BCA9-0B3D5721C436}.Debug|Any CPU.Build.0 = Debug|Any CPU
		{FB209C68-77C0-4EE9-BCA9-0B3D5721C436}.Release|Any CPU.ActiveCfg = Release|Any CPU
		{FB209C68-77C0-4EE9-BCA9-0B3D5721C436}.Release|Any CPU.Build.0 = Release|Any CPU
		{46C756B9-2D8E-4453-8F06-42BBE25D1805}.Debug|Any CPU.ActiveCfg = Debug|Any CPU
		{46C756B9-2D8E-4453-8F06-42BBE25D1805}.Debug|Any CPU.Build.0 = Debug|Any CPU
		{46C756B9-2D8E-4453-8F06-42BBE25D1805}.Release|Any CPU.ActiveCfg = Release|Any CPU
		{46C756B9-2D8E-4453-8F06-42BBE25D1805}.Release|Any CPU.Build.0 = Release|Any CPU
		{892500A5-BF6B-4FD5-A7B9-5EEA20EB775F}.Debug|Any CPU.ActiveCfg = Debug|Any CPU
		{892500A5-BF6B-4FD5-A7B9-5EEA20EB775F}.Debug|Any CPU.Build.0 = Debug|Any CPU
		{892500A5-BF6B-4FD5-A7B9-5EEA20EB775F}.Release|Any CPU.ActiveCfg = Release|Any CPU
		{892500A5-BF6B-4FD5-A7B9-5EEA20EB775F}.Release|Any CPU.Build.0 = Release|Any CPU
		{C16993CC-6063-4447-AE16-BE671AFDE08A}.Debug|Any CPU.ActiveCfg = Debug|Any CPU
		{C16993CC-6063-4447-AE16-BE671AFDE08A}.Debug|Any CPU.Build.0 = Debug|Any CPU
		{C16993CC-6063-4447-AE16-BE671AFDE08A}.Release|Any CPU.ActiveCfg = Release|Any CPU
		{C16993CC-6063-4447-AE16-BE671AFDE08A}.Release|Any CPU.Build.0 = Release|Any CPU
		{C51202A5-0C1F-4146-8059-5F7B8A048232}.Debug|Any CPU.ActiveCfg = Debug|Any CPU
		{C51202A5-0C1F-4146-8059-5F7B8A048232}.Release|Any CPU.ActiveCfg = Release|Any CPU
	EndGlobalSection
	GlobalSection(SolutionProperties) = preSolution
		HideSolutionNode = FALSE
	EndGlobalSection
	GlobalSection(NestedProjects) = preSolution
		{E09AD054-22FC-4E70-8889-0F3DCF1267C7} = {DD7EF107-AAD4-4C43-8A58-0DC1BC614ADE}
		{6A95E22E-6D85-4494-AEB5-FCD60A8E88A3} = {DD7EF107-AAD4-4C43-8A58-0DC1BC614ADE}
	EndGlobalSection
	GlobalSection(ExtensibilityGlobals) = postSolution
		SolutionGuid = {6B652C28-D1FD-4885-A0CA-4704C54E78E7}
	EndGlobalSection
EndGlobal
