
Microsoft Visual Studio Solution File, Format Version 12.00
# Visual Studio Version 17
VisualStudioVersion = 17.0.31903.59
MinimumVisualStudioVersion = 10.0.40219.1
Project("{2150E333-8FDC-42A3-9474-1A3956D46DE8}") = "src", "src", "{CF39B7A8-C6CA-43B0-8571-201DA8660897}"
EndProject
Project("{FAE04EC0-301F-11D3-BF4B-00C04F79EFBC}") = "Microsoft.VisualStudio.ProjectSystem.Managed", "src\Microsoft.VisualStudio.ProjectSystem.Managed\Microsoft.VisualStudio.ProjectSystem.Managed.csproj", "{EA8CDECC-CA26-412B-9644-E77F5BA64B15}"
EndProject
Global
	GlobalSection(SolutionConfigurationPlatforms) = preSolution
		Debug|Any CPU = Debug|Any CPU
		Release|Any CPU = Release|Any CPU
	EndGlobalSection
	GlobalSection(SolutionProperties) = preSolution
		HideSolutionNode = FALSE
	EndGlobalSection
	GlobalSection(ProjectConfigurationPlatforms) = postSolution
		{EA8CDECC-CA26-412B-9644-E77F5BA64B15}.Debug|Any CPU.ActiveCfg = Debug|Any CPU
		{EA8CDECC-CA26-412B-9644-E77F5BA64B15}.Debug|Any CPU.Build.0 = Debug|Any CPU
		{EA8CDECC-CA26-412B-9644-E77F5BA64B15}.Release|Any CPU.ActiveCfg = Release|Any CPU
		{EA8CDECC-CA26-412B-9644-E77F5BA64B15}.Release|Any CPU.Build.0 = Release|Any CPU
	EndGlobalSection
	GlobalSection(NestedProjects) = preSolution
		{EA8CDECC-CA26-412B-9644-E77F5BA64B15} = {CF39B7A8-C6CA-43B0-8571-201DA8660897}
	EndGlobalSection
EndGlobal
