
Microsoft Visual Studio Solution File, Format Version 12.00
# Visual Studio 15
VisualStudioVersion = 15.0.26403.7
MinimumVisualStudioVersion = 10.0.40219.1
Project("{9A19103F-16F7-4668-BE54-9A1E7A4F7556}") = "DeployTestDependencies", "DeployTestDependencies\DeployTestDependencies.csproj", "{37BA82E6-9ABD-4ACA-AA26-2DFD39A359A5}"
EndProject
Project("{778DAE3C-4631-46EA-AA77-85C1314464D9}") = "Microsoft.VisualStudio.AppDesigner", "Microsoft.VisualStudio.AppDesigner\Microsoft.VisualStudio.AppDesigner.vbproj", "{19725D6F-4690-412B-934A-FC48D752B802}"
EndProject
Project("{778DAE3C-4631-46EA-AA77-85C1314464D9}") = "Microsoft.VisualStudio.Editors", "Microsoft.VisualStudio.Editors\Microsoft.VisualStudio.Editors.vbproj", "{CD6E5D00-7B0B-442D-9F5D-EAEC1A71838A}"
EndProject
Project("{9A19103F-16F7-4668-BE54-9A1E7A4F7556}") = "Microsoft.VisualStudio.ProjectSystem.CSharp", "Microsoft.VisualStudio.ProjectSystem.CSharp\Microsoft.VisualStudio.ProjectSystem.CSharp.csproj", "{7D150B7B-CE02-4CD4-8EC9-6A7C18727A36}"
EndProject
Project("{9A19103F-16F7-4668-BE54-9A1E7A4F7556}") = "Microsoft.VisualStudio.ProjectSystem.CSharp.UnitTests", "Microsoft.VisualStudio.ProjectSystem.CSharp.UnitTests\Microsoft.VisualStudio.ProjectSystem.CSharp.UnitTests.csproj", "{F81A2B36-6763-42B8-8F4D-5199325D40C1}"
EndProject
Project("{9A19103F-16F7-4668-BE54-9A1E7A4F7556}") = "Microsoft.VisualStudio.ProjectSystem.CSharp.VS", "Microsoft.VisualStudio.ProjectSystem.CSharp.VS\Microsoft.VisualStudio.ProjectSystem.CSharp.VS.csproj", "{765EF6EB-9F36-4D68-8C3D-9E11CD49E0BC}"
EndProject
Project("{9A19103F-16F7-4668-BE54-9A1E7A4F7556}") = "Microsoft.VisualStudio.ProjectSystem.CSharp.VS.UnitTests", "Microsoft.VisualStudio.ProjectSystem.CSharp.VS.UnitTests\Microsoft.VisualStudio.ProjectSystem.CSharp.VS.UnitTests.csproj", "{8123135E-B2A1-4CD1-9658-DDACABEAB8FC}"
EndProject
Project("{9A19103F-16F7-4668-BE54-9A1E7A4F7556}") = "Microsoft.VisualStudio.ProjectSystem.Managed", "Microsoft.VisualStudio.ProjectSystem.Managed\Microsoft.VisualStudio.ProjectSystem.Managed.csproj", "{6C6A41CE-72C5-4D77-8208-D01693F9BC88}"
EndProject
Project("{9A19103F-16F7-4668-BE54-9A1E7A4F7556}") = "Microsoft.VisualStudio.ProjectSystem.Managed.UnitTests", "Microsoft.VisualStudio.ProjectSystem.Managed.UnitTests\Microsoft.VisualStudio.ProjectSystem.Managed.UnitTests.csproj", "{C7EC63F8-F96A-4A8F-B879-D572516746B4}"
EndProject
Project("{9A19103F-16F7-4668-BE54-9A1E7A4F7556}") = "Microsoft.VisualStudio.ProjectSystem.Managed.VS", "Microsoft.VisualStudio.ProjectSystem.Managed.VS\Microsoft.VisualStudio.ProjectSystem.Managed.VS.csproj", "{1C5666EA-24A4-4EC2-B8FB-FAEDF6B14697}"
EndProject
Project("{9A19103F-16F7-4668-BE54-9A1E7A4F7556}") = "Microsoft.VisualStudio.ProjectSystem.Managed.VS.UnitTests", "Microsoft.VisualStudio.ProjectSystem.Managed.VS.UnitTests\Microsoft.VisualStudio.ProjectSystem.Managed.VS.UnitTests.csproj", "{469B50E9-FE67-459E-8AFA-44CBE523DBF6}"
EndProject
Project("{9A19103F-16F7-4668-BE54-9A1E7A4F7556}") = "Microsoft.VisualStudio.ProjectSystem.VisualBasic", "Microsoft.VisualStudio.ProjectSystem.VisualBasic\Microsoft.VisualStudio.ProjectSystem.VisualBasic.csproj", "{04AA393A-48C2-424D-985C-77385A962019}"
EndProject
Project("{9A19103F-16F7-4668-BE54-9A1E7A4F7556}") = "Microsoft.VisualStudio.ProjectSystem.VisualBasic.UnitTests", "Microsoft.VisualStudio.ProjectSystem.VisualBasic.UnitTests\Microsoft.VisualStudio.ProjectSystem.VisualBasic.UnitTests.csproj", "{FE8D7869-3ABA-45D3-8058-E60C9F1267BF}"
EndProject
Project("{9A19103F-16F7-4668-BE54-9A1E7A4F7556}") = "Microsoft.VisualStudio.ProjectSystem.VisualBasic.VS", "Microsoft.VisualStudio.ProjectSystem.VisualBasic.VS\Microsoft.VisualStudio.ProjectSystem.VisualBasic.VS.csproj", "{15DCB34C-B628-49B8-B472-BBA65A0AB6A5}"
EndProject
Project("{9A19103F-16F7-4668-BE54-9A1E7A4F7556}") = "Microsoft.VisualStudio.ProjectSystem.VisualBasic.VS.UnitTests", "Microsoft.VisualStudio.ProjectSystem.VisualBasic.VS.UnitTests\Microsoft.VisualStudio.ProjectSystem.VisualBasic.VS.UnitTests.csproj", "{2F58FC7F-85D9-427A-84F0-A6AA741E5BBA}"
EndProject
Project("{9A19103F-16F7-4668-BE54-9A1E7A4F7556}") = "ProjectSystemSetup", "ProjectSystemSetup\ProjectSystemSetup.csproj", "{9FBD7EF2-9449-486D-9FDD-FA56160AA8BB}"
EndProject
Project("{9A19103F-16F7-4668-BE54-9A1E7A4F7556}") = "VisualStudioEditorsSetup", "VisualStudioEditorsSetup\VisualStudioEditorsSetup.csproj", "{49705330-A4F5-47EA-BB10-3B783CE91AEA}"
EndProject
Project("{2150E333-8FDC-42A3-9474-1A3956D46DE8}") = "Solution Items", "Solution Items", "{A50EC328-5D30-4624-98AD-B649461DB772}"
	ProjectSection(SolutionItems) = preProject
		CodeCoverage.runsettings = CodeCoverage.runsettings
		NuGet.config = NuGet.config
	EndProjectSection
EndProject
Project("{9A19103F-16F7-4668-BE54-9A1E7A4F7556}") = "Microsoft.VisualStudio.ProjectSystem.Managed.TestServices", "Microsoft.VisualStudio.ProjectSystem.Managed.TestServices\Microsoft.VisualStudio.ProjectSystem.Managed.TestServices.csproj", "{23BCBC90-ED65-4EE3-8AF1-DD7CAEFDBEE9}"
EndProject
Project("{9A19103F-16F7-4668-BE54-9A1E7A4F7556}") = "Microsoft.VisualStudio.ProjectSystem.Managed.TestServices.UnitTests", "Microsoft.VisualStudio.ProjectSystem.Managed.TestServices.UnitTests\Microsoft.VisualStudio.ProjectSystem.Managed.TestServices.UnitTests.csproj", "{369DCA0F-A079-4D0C-8B32-53879199B681}"
EndProject
Project("{9A19103F-16F7-4668-BE54-9A1E7A4F7556}") = "Microsoft.VisualStudio.Editors.UnitTests", "Microsoft.VisualStudio.Editor.UnitTests\Microsoft.VisualStudio.Editors.UnitTests.csproj", "{991DBD0C-6DB5-48B8-B41E-E1092445240D}"
EndProject
Project("{9A19103F-16F7-4668-BE54-9A1E7A4F7556}") = "Microsoft.VisualStudio.ProjectSystem.FSharp", "Microsoft.VisualStudio.ProjectSystem.FSharp\Microsoft.VisualStudio.ProjectSystem.FSharp.csproj", "{7CDAA9BE-513D-421F-9A72-46764449C503}"
EndProject
Project("{9A19103F-16F7-4668-BE54-9A1E7A4F7556}") = "Microsoft.VisualStudio.ProjectSystem.FSharp.VS", "Microsoft.VisualStudio.ProjectSystem.FSharp.VS\Microsoft.VisualStudio.ProjectSystem.FSharp.VS.csproj", "{B9B06285-2AEB-4126-A825-31F738A4EDFA}"
EndProject
Project("{9A19103F-16F7-4668-BE54-9A1E7A4F7556}") = "Microsoft.VisualStudio.ProjectSystem.FSharp.UnitTests", "Microsoft.VisualStudio.ProjectSystem.FSharp.UnitTests\Microsoft.VisualStudio.ProjectSystem.FSharp.UnitTests.csproj", "{2E6BC62C-D52B-47EC-B0F6-B9A68C057217}"
EndProject
Project("{9A19103F-16F7-4668-BE54-9A1E7A4F7556}") = "Microsoft.VisualStudio.ProjectSystem.FSharp.VS.UnitTests", "Microsoft.VisualStudio.ProjectSystem.FSharp.VS.UnitTests\Microsoft.VisualStudio.ProjectSystem.FSharp.VS.UnitTests.csproj", "{B70FA177-894C-4964-B6A7-937A361321BF}"
EndProject
Project("{9A19103F-16F7-4668-BE54-9A1E7A4F7556}") = "Targets", "Targets\Targets.csproj", "{CE750338-2BB0-4911-98EA-0AC5D2794FAC}"
EndProject
Project("{2150E333-8FDC-42A3-9474-1A3956D46DE8}") = "Templates", "Templates", "{6DE4B49E-AC38-4E35-82CD-D52731503111}"
EndProject
Project("{2150E333-8FDC-42A3-9474-1A3956D46DE8}") = "ProjectTemplates", "ProjectTemplates", "{F5B53C32-1CE4-48D2-B945-6BA8B1A49CF3}"
EndProject
Project("{2150E333-8FDC-42A3-9474-1A3956D46DE8}") = "Vsix", "Vsix", "{7AC93D71-E528-4BDA-AEEF-47876EC5F5A0}"
EndProject
Project("{9A19103F-16F7-4668-BE54-9A1E7A4F7556}") = "Microsoft.NetCore.CSharp.ProjectTemplates", "Templates\Microsoft.NetCore.CSharp.ProjectTemplates\Microsoft.NetCore.CSharp.ProjectTemplates.csproj", "{20C1971A-6352-4FD1-AFE9-3E81206B7957}"
EndProject
Project("{9A19103F-16F7-4668-BE54-9A1E7A4F7556}") = "Microsoft.NetCore.CSharp.ProjectTemplates.Test", "Templates\Microsoft.NetCore.CSharp.ProjectTemplates.Test\Microsoft.NetCore.CSharp.ProjectTemplates.Test.csproj", "{BE9A3BCB-3F92-4E2F-B575-9B53C3D2BD06}"
EndProject
Project("{9A19103F-16F7-4668-BE54-9A1E7A4F7556}") = "Microsoft.NetCore.FSharp.ProjectTemplates", "Templates\Microsoft.NetCore.FSharp.ProjectTemplates\Microsoft.NetCore.FSharp.ProjectTemplates.csproj", "{2C78505A-3F7F-4B35-962B-1F953C4B375D}"
EndProject
Project("{9A19103F-16F7-4668-BE54-9A1E7A4F7556}") = "Microsoft.NetCore.FSharp.ProjectTemplates.Test", "Templates\Microsoft.NetCore.FSharp.ProjectTemplates.Test\Microsoft.NetCore.FSharp.ProjectTemplates.Test.csproj", "{B8C5A92B-59E8-4C75-98A1-9D4D64F63258}"
EndProject
Project("{9A19103F-16F7-4668-BE54-9A1E7A4F7556}") = "Microsoft.NetCore.VB.ProjectTemplates", "Templates\Microsoft.NetCore.VB.ProjectTemplates\Microsoft.NetCore.VB.ProjectTemplates.csproj", "{12D127E4-CF7D-461A-B998-CB76CD10A107}"
EndProject
Project("{9A19103F-16F7-4668-BE54-9A1E7A4F7556}") = "Microsoft.NetCore.VB.ProjectTemplates.Test", "Templates\Microsoft.NetCore.VB.ProjectTemplates.Test\Microsoft.NetCore.VB.ProjectTemplates.Test.csproj", "{E2B782C0-0ACC-4594-87F5-CBAC39771E30}"
EndProject
Project("{9A19103F-16F7-4668-BE54-9A1E7A4F7556}") = "Microsoft.NetStandard.CSharp.ProjectTemplates", "Templates\Microsoft.NetStandard.CSharp.ProjectTemplates\Microsoft.NetStandard.CSharp.ProjectTemplates.csproj", "{78AEA567-CDC8-4B88-8F9C-07F4B85227D9}"
EndProject
Project("{9A19103F-16F7-4668-BE54-9A1E7A4F7556}") = "Microsoft.NetStandard.FSharp.ProjectTemplates", "Templates\Microsoft.NetStandard.FSharp.ProjectTemplates\Microsoft.NetStandard.FSharp.ProjectTemplates.csproj", "{EC474024-896A-44C6-A89C-36C7DE991898}"
EndProject
Project("{9A19103F-16F7-4668-BE54-9A1E7A4F7556}") = "Microsoft.NetStandard.VB.ProjectTemplates", "Templates\Microsoft.NetStandard.VB.ProjectTemplates\Microsoft.NetStandard.VB.ProjectTemplates.csproj", "{6EFB8E3A-1198-4029-B05E-C15E758779BD}"
EndProject
Project("{9A19103F-16F7-4668-BE54-9A1E7A4F7556}") = "Microsoft.NetCore.CSharp.ProjectTemplates.Test.Vsix", "Templates\Microsoft.NetCore.CSharp.ProjectTemplates.Test.Vsix\Microsoft.NetCore.CSharp.ProjectTemplates.Test.Vsix.csproj", "{13F2902C-9C9B-4CCE-9185-5E2F55EE81CA}"
EndProject
Project("{9A19103F-16F7-4668-BE54-9A1E7A4F7556}") = "Microsoft.NetCore.CSharp.ProjectTemplates.Vsix", "Templates\Microsoft.NetCore.CSharp.ProjectTemplates.Vsix\Microsoft.NetCore.CSharp.ProjectTemplates.Vsix.csproj", "{A55C7611-EB33-4206-A5E1-61DEC6C4A24E}"
EndProject
Project("{9A19103F-16F7-4668-BE54-9A1E7A4F7556}") = "Microsoft.NetCore.FSharp.ProjectTemplates.Test.Vsix", "Templates\Microsoft.NetCore.FSharp.ProjectTemplates.Test.Vsix\Microsoft.NetCore.FSharp.ProjectTemplates.Test.Vsix.csproj", "{C7E0805C-52AA-4699-A48B-0AA3842C501A}"
EndProject
Project("{9A19103F-16F7-4668-BE54-9A1E7A4F7556}") = "Microsoft.NetCore.FSharp.ProjectTemplates.Vsix", "Templates\Microsoft.NetCore.FSharp.ProjectTemplates.Vsix\Microsoft.NetCore.FSharp.ProjectTemplates.Vsix.csproj", "{4F70E5E4-6824-4773-9B7A-1904B96EF6A0}"
EndProject
Project("{9A19103F-16F7-4668-BE54-9A1E7A4F7556}") = "Microsoft.NetCore.VB.ProjectTemplates.Test.Vsix", "Templates\Microsoft.NetCore.VB.ProjectTemplates.Test.Vsix\Microsoft.NetCore.VB.ProjectTemplates.Test.Vsix.csproj", "{D9F9F791-8B5F-4AC9-A3BB-4A79AEB19840}"
EndProject
Project("{9A19103F-16F7-4668-BE54-9A1E7A4F7556}") = "Microsoft.NetCore.VB.ProjectTemplates.Vsix", "Templates\Microsoft.NetCore.VB.ProjectTemplates.Vsix\Microsoft.NetCore.VB.ProjectTemplates.Vsix.csproj", "{BE9F42B3-BCA7-4563-9DDB-79CCC9C99993}"
EndProject
Project("{FAE04EC0-301F-11D3-BF4B-00C04F79EFBC}") = "Microsoft.NetStandard.CSharp.ProjectTemplates.Vsix", "Templates\Microsoft.NetStandard.CSharp.ProjectTemplates.Vsix\Microsoft.NetStandard.CSharp.ProjectTemplates.Vsix.csproj", "{E5661DF5-A017-43D8-8874-E4B32E4650A4}"
EndProject
Project("{FAE04EC0-301F-11D3-BF4B-00C04F79EFBC}") = "Microsoft.NetStandard.FSharp.ProjectTemplates.Vsix", "Templates\Microsoft.NetStandard.FSharp.ProjectTemplates.Vsix\Microsoft.NetStandard.FSharp.ProjectTemplates.Vsix.csproj", "{8CE6132E-DD84-4137-A09C-0C4660DCC98F}"
EndProject
Project("{FAE04EC0-301F-11D3-BF4B-00C04F79EFBC}") = "Microsoft.NetStandard.VB.ProjectTemplates.Vsix", "Templates\Microsoft.NetStandard.VB.ProjectTemplates.Vsix\Microsoft.NetStandard.VB.ProjectTemplates.Vsix.csproj", "{CC1FF91F-C0A9-4729-9863-45A688483F84}"
EndProject
Project("{9A19103F-16F7-4668-BE54-9A1E7A4F7556}") = "DeployNupkgs", "Templates\DeployNupkgs\DeployNupkgs.csproj", "{AE328174-EBB5-49CF-B642-DBF6CEB2EA4B}"
EndProject
Global
	GlobalSection(SolutionConfigurationPlatforms) = preSolution
		Debug|Any CPU = Debug|Any CPU
		Release|Any CPU = Release|Any CPU
		Description = The C# and Visual Basic project system for Visual Studio "15"
	EndGlobalSection
	GlobalSection(ProjectConfigurationPlatforms) = postSolution
		{37BA82E6-9ABD-4ACA-AA26-2DFD39A359A5}.Debug|Any CPU.ActiveCfg = Debug|Any CPU
		{37BA82E6-9ABD-4ACA-AA26-2DFD39A359A5}.Debug|Any CPU.Build.0 = Debug|Any CPU
		{37BA82E6-9ABD-4ACA-AA26-2DFD39A359A5}.Release|Any CPU.ActiveCfg = Release|Any CPU
		{37BA82E6-9ABD-4ACA-AA26-2DFD39A359A5}.Release|Any CPU.Build.0 = Release|Any CPU
		{19725D6F-4690-412B-934A-FC48D752B802}.Debug|Any CPU.ActiveCfg = Debug|Any CPU
		{19725D6F-4690-412B-934A-FC48D752B802}.Debug|Any CPU.Build.0 = Debug|Any CPU
		{19725D6F-4690-412B-934A-FC48D752B802}.Release|Any CPU.ActiveCfg = Release|Any CPU
		{19725D6F-4690-412B-934A-FC48D752B802}.Release|Any CPU.Build.0 = Release|Any CPU
		{CD6E5D00-7B0B-442D-9F5D-EAEC1A71838A}.Debug|Any CPU.ActiveCfg = Debug|Any CPU
		{CD6E5D00-7B0B-442D-9F5D-EAEC1A71838A}.Debug|Any CPU.Build.0 = Debug|Any CPU
		{CD6E5D00-7B0B-442D-9F5D-EAEC1A71838A}.Release|Any CPU.ActiveCfg = Release|Any CPU
		{CD6E5D00-7B0B-442D-9F5D-EAEC1A71838A}.Release|Any CPU.Build.0 = Release|Any CPU
		{7D150B7B-CE02-4CD4-8EC9-6A7C18727A36}.Debug|Any CPU.ActiveCfg = Debug|Any CPU
		{7D150B7B-CE02-4CD4-8EC9-6A7C18727A36}.Debug|Any CPU.Build.0 = Debug|Any CPU
		{7D150B7B-CE02-4CD4-8EC9-6A7C18727A36}.Release|Any CPU.ActiveCfg = Release|Any CPU
		{7D150B7B-CE02-4CD4-8EC9-6A7C18727A36}.Release|Any CPU.Build.0 = Release|Any CPU
		{F81A2B36-6763-42B8-8F4D-5199325D40C1}.Debug|Any CPU.ActiveCfg = Debug|Any CPU
		{F81A2B36-6763-42B8-8F4D-5199325D40C1}.Debug|Any CPU.Build.0 = Debug|Any CPU
		{F81A2B36-6763-42B8-8F4D-5199325D40C1}.Release|Any CPU.ActiveCfg = Release|Any CPU
		{F81A2B36-6763-42B8-8F4D-5199325D40C1}.Release|Any CPU.Build.0 = Release|Any CPU
		{765EF6EB-9F36-4D68-8C3D-9E11CD49E0BC}.Debug|Any CPU.ActiveCfg = Debug|Any CPU
		{765EF6EB-9F36-4D68-8C3D-9E11CD49E0BC}.Debug|Any CPU.Build.0 = Debug|Any CPU
		{765EF6EB-9F36-4D68-8C3D-9E11CD49E0BC}.Release|Any CPU.ActiveCfg = Release|Any CPU
		{765EF6EB-9F36-4D68-8C3D-9E11CD49E0BC}.Release|Any CPU.Build.0 = Release|Any CPU
		{8123135E-B2A1-4CD1-9658-DDACABEAB8FC}.Debug|Any CPU.ActiveCfg = Debug|Any CPU
		{8123135E-B2A1-4CD1-9658-DDACABEAB8FC}.Debug|Any CPU.Build.0 = Debug|Any CPU
		{8123135E-B2A1-4CD1-9658-DDACABEAB8FC}.Release|Any CPU.ActiveCfg = Release|Any CPU
		{8123135E-B2A1-4CD1-9658-DDACABEAB8FC}.Release|Any CPU.Build.0 = Release|Any CPU
		{6C6A41CE-72C5-4D77-8208-D01693F9BC88}.Debug|Any CPU.ActiveCfg = Debug|Any CPU
		{6C6A41CE-72C5-4D77-8208-D01693F9BC88}.Debug|Any CPU.Build.0 = Debug|Any CPU
		{6C6A41CE-72C5-4D77-8208-D01693F9BC88}.Release|Any CPU.ActiveCfg = Release|Any CPU
		{6C6A41CE-72C5-4D77-8208-D01693F9BC88}.Release|Any CPU.Build.0 = Release|Any CPU
		{C7EC63F8-F96A-4A8F-B879-D572516746B4}.Debug|Any CPU.ActiveCfg = Debug|Any CPU
		{C7EC63F8-F96A-4A8F-B879-D572516746B4}.Debug|Any CPU.Build.0 = Debug|Any CPU
		{C7EC63F8-F96A-4A8F-B879-D572516746B4}.Release|Any CPU.ActiveCfg = Release|Any CPU
		{C7EC63F8-F96A-4A8F-B879-D572516746B4}.Release|Any CPU.Build.0 = Release|Any CPU
		{1C5666EA-24A4-4EC2-B8FB-FAEDF6B14697}.Debug|Any CPU.ActiveCfg = Debug|Any CPU
		{1C5666EA-24A4-4EC2-B8FB-FAEDF6B14697}.Debug|Any CPU.Build.0 = Debug|Any CPU
		{1C5666EA-24A4-4EC2-B8FB-FAEDF6B14697}.Release|Any CPU.ActiveCfg = Release|Any CPU
		{1C5666EA-24A4-4EC2-B8FB-FAEDF6B14697}.Release|Any CPU.Build.0 = Release|Any CPU
		{469B50E9-FE67-459E-8AFA-44CBE523DBF6}.Debug|Any CPU.ActiveCfg = Debug|Any CPU
		{469B50E9-FE67-459E-8AFA-44CBE523DBF6}.Debug|Any CPU.Build.0 = Debug|Any CPU
		{469B50E9-FE67-459E-8AFA-44CBE523DBF6}.Release|Any CPU.ActiveCfg = Release|Any CPU
		{469B50E9-FE67-459E-8AFA-44CBE523DBF6}.Release|Any CPU.Build.0 = Release|Any CPU
		{04AA393A-48C2-424D-985C-77385A962019}.Debug|Any CPU.ActiveCfg = Debug|Any CPU
		{04AA393A-48C2-424D-985C-77385A962019}.Debug|Any CPU.Build.0 = Debug|Any CPU
		{04AA393A-48C2-424D-985C-77385A962019}.Release|Any CPU.ActiveCfg = Release|Any CPU
		{04AA393A-48C2-424D-985C-77385A962019}.Release|Any CPU.Build.0 = Release|Any CPU
		{FE8D7869-3ABA-45D3-8058-E60C9F1267BF}.Debug|Any CPU.ActiveCfg = Debug|Any CPU
		{FE8D7869-3ABA-45D3-8058-E60C9F1267BF}.Debug|Any CPU.Build.0 = Debug|Any CPU
		{FE8D7869-3ABA-45D3-8058-E60C9F1267BF}.Release|Any CPU.ActiveCfg = Release|Any CPU
		{FE8D7869-3ABA-45D3-8058-E60C9F1267BF}.Release|Any CPU.Build.0 = Release|Any CPU
		{15DCB34C-B628-49B8-B472-BBA65A0AB6A5}.Debug|Any CPU.ActiveCfg = Debug|Any CPU
		{15DCB34C-B628-49B8-B472-BBA65A0AB6A5}.Debug|Any CPU.Build.0 = Debug|Any CPU
		{15DCB34C-B628-49B8-B472-BBA65A0AB6A5}.Release|Any CPU.ActiveCfg = Release|Any CPU
		{15DCB34C-B628-49B8-B472-BBA65A0AB6A5}.Release|Any CPU.Build.0 = Release|Any CPU
		{2F58FC7F-85D9-427A-84F0-A6AA741E5BBA}.Debug|Any CPU.ActiveCfg = Debug|Any CPU
		{2F58FC7F-85D9-427A-84F0-A6AA741E5BBA}.Debug|Any CPU.Build.0 = Debug|Any CPU
		{2F58FC7F-85D9-427A-84F0-A6AA741E5BBA}.Release|Any CPU.ActiveCfg = Release|Any CPU
		{2F58FC7F-85D9-427A-84F0-A6AA741E5BBA}.Release|Any CPU.Build.0 = Release|Any CPU
		{9FBD7EF2-9449-486D-9FDD-FA56160AA8BB}.Debug|Any CPU.ActiveCfg = Debug|Any CPU
		{9FBD7EF2-9449-486D-9FDD-FA56160AA8BB}.Debug|Any CPU.Build.0 = Debug|Any CPU
		{9FBD7EF2-9449-486D-9FDD-FA56160AA8BB}.Release|Any CPU.ActiveCfg = Release|Any CPU
		{9FBD7EF2-9449-486D-9FDD-FA56160AA8BB}.Release|Any CPU.Build.0 = Release|Any CPU
		{49705330-A4F5-47EA-BB10-3B783CE91AEA}.Debug|Any CPU.ActiveCfg = Debug|Any CPU
		{49705330-A4F5-47EA-BB10-3B783CE91AEA}.Debug|Any CPU.Build.0 = Debug|Any CPU
		{49705330-A4F5-47EA-BB10-3B783CE91AEA}.Release|Any CPU.ActiveCfg = Release|Any CPU
		{49705330-A4F5-47EA-BB10-3B783CE91AEA}.Release|Any CPU.Build.0 = Release|Any CPU
		{23BCBC90-ED65-4EE3-8AF1-DD7CAEFDBEE9}.Debug|Any CPU.ActiveCfg = Debug|Any CPU
		{23BCBC90-ED65-4EE3-8AF1-DD7CAEFDBEE9}.Debug|Any CPU.Build.0 = Debug|Any CPU
		{23BCBC90-ED65-4EE3-8AF1-DD7CAEFDBEE9}.Release|Any CPU.ActiveCfg = Release|Any CPU
		{23BCBC90-ED65-4EE3-8AF1-DD7CAEFDBEE9}.Release|Any CPU.Build.0 = Release|Any CPU
		{369DCA0F-A079-4D0C-8B32-53879199B681}.Debug|Any CPU.ActiveCfg = Debug|Any CPU
		{369DCA0F-A079-4D0C-8B32-53879199B681}.Debug|Any CPU.Build.0 = Debug|Any CPU
		{369DCA0F-A079-4D0C-8B32-53879199B681}.Release|Any CPU.ActiveCfg = Release|Any CPU
		{369DCA0F-A079-4D0C-8B32-53879199B681}.Release|Any CPU.Build.0 = Release|Any CPU
		{991DBD0C-6DB5-48B8-B41E-E1092445240D}.Debug|Any CPU.ActiveCfg = Debug|Any CPU
		{991DBD0C-6DB5-48B8-B41E-E1092445240D}.Debug|Any CPU.Build.0 = Debug|Any CPU
		{991DBD0C-6DB5-48B8-B41E-E1092445240D}.Release|Any CPU.ActiveCfg = Release|Any CPU
		{991DBD0C-6DB5-48B8-B41E-E1092445240D}.Release|Any CPU.Build.0 = Release|Any CPU
		{7CDAA9BE-513D-421F-9A72-46764449C503}.Debug|Any CPU.ActiveCfg = Debug|Any CPU
		{7CDAA9BE-513D-421F-9A72-46764449C503}.Debug|Any CPU.Build.0 = Debug|Any CPU
		{7CDAA9BE-513D-421F-9A72-46764449C503}.Release|Any CPU.ActiveCfg = Release|Any CPU
		{7CDAA9BE-513D-421F-9A72-46764449C503}.Release|Any CPU.Build.0 = Release|Any CPU
		{B9B06285-2AEB-4126-A825-31F738A4EDFA}.Debug|Any CPU.ActiveCfg = Debug|Any CPU
		{B9B06285-2AEB-4126-A825-31F738A4EDFA}.Debug|Any CPU.Build.0 = Debug|Any CPU
		{B9B06285-2AEB-4126-A825-31F738A4EDFA}.Release|Any CPU.ActiveCfg = Release|Any CPU
		{B9B06285-2AEB-4126-A825-31F738A4EDFA}.Release|Any CPU.Build.0 = Release|Any CPU
		{2E6BC62C-D52B-47EC-B0F6-B9A68C057217}.Debug|Any CPU.ActiveCfg = Debug|Any CPU
		{2E6BC62C-D52B-47EC-B0F6-B9A68C057217}.Debug|Any CPU.Build.0 = Debug|Any CPU
		{2E6BC62C-D52B-47EC-B0F6-B9A68C057217}.Release|Any CPU.ActiveCfg = Release|Any CPU
		{2E6BC62C-D52B-47EC-B0F6-B9A68C057217}.Release|Any CPU.Build.0 = Release|Any CPU
		{B70FA177-894C-4964-B6A7-937A361321BF}.Debug|Any CPU.ActiveCfg = Debug|Any CPU
		{B70FA177-894C-4964-B6A7-937A361321BF}.Debug|Any CPU.Build.0 = Debug|Any CPU
		{B70FA177-894C-4964-B6A7-937A361321BF}.Release|Any CPU.ActiveCfg = Release|Any CPU
		{B70FA177-894C-4964-B6A7-937A361321BF}.Release|Any CPU.Build.0 = Release|Any CPU
		{CE750338-2BB0-4911-98EA-0AC5D2794FAC}.Debug|Any CPU.ActiveCfg = Debug|Any CPU
		{CE750338-2BB0-4911-98EA-0AC5D2794FAC}.Debug|Any CPU.Build.0 = Debug|Any CPU
		{CE750338-2BB0-4911-98EA-0AC5D2794FAC}.Release|Any CPU.ActiveCfg = Release|Any CPU
		{CE750338-2BB0-4911-98EA-0AC5D2794FAC}.Release|Any CPU.Build.0 = Release|Any CPU
		{20C1971A-6352-4FD1-AFE9-3E81206B7957}.Debug|Any CPU.ActiveCfg = Debug|Any CPU
		{20C1971A-6352-4FD1-AFE9-3E81206B7957}.Debug|Any CPU.Build.0 = Debug|Any CPU
		{20C1971A-6352-4FD1-AFE9-3E81206B7957}.Release|Any CPU.ActiveCfg = Release|Any CPU
		{20C1971A-6352-4FD1-AFE9-3E81206B7957}.Release|Any CPU.Build.0 = Release|Any CPU
		{BE9A3BCB-3F92-4E2F-B575-9B53C3D2BD06}.Debug|Any CPU.ActiveCfg = Debug|Any CPU
		{BE9A3BCB-3F92-4E2F-B575-9B53C3D2BD06}.Debug|Any CPU.Build.0 = Debug|Any CPU
		{BE9A3BCB-3F92-4E2F-B575-9B53C3D2BD06}.Release|Any CPU.ActiveCfg = Release|Any CPU
		{BE9A3BCB-3F92-4E2F-B575-9B53C3D2BD06}.Release|Any CPU.Build.0 = Release|Any CPU
		{2C78505A-3F7F-4B35-962B-1F953C4B375D}.Debug|Any CPU.ActiveCfg = Debug|Any CPU
		{2C78505A-3F7F-4B35-962B-1F953C4B375D}.Debug|Any CPU.Build.0 = Debug|Any CPU
		{2C78505A-3F7F-4B35-962B-1F953C4B375D}.Release|Any CPU.ActiveCfg = Release|Any CPU
		{2C78505A-3F7F-4B35-962B-1F953C4B375D}.Release|Any CPU.Build.0 = Release|Any CPU
		{B8C5A92B-59E8-4C75-98A1-9D4D64F63258}.Debug|Any CPU.ActiveCfg = Debug|Any CPU
		{B8C5A92B-59E8-4C75-98A1-9D4D64F63258}.Debug|Any CPU.Build.0 = Debug|Any CPU
		{B8C5A92B-59E8-4C75-98A1-9D4D64F63258}.Release|Any CPU.ActiveCfg = Release|Any CPU
		{B8C5A92B-59E8-4C75-98A1-9D4D64F63258}.Release|Any CPU.Build.0 = Release|Any CPU
		{12D127E4-CF7D-461A-B998-CB76CD10A107}.Debug|Any CPU.ActiveCfg = Debug|Any CPU
		{12D127E4-CF7D-461A-B998-CB76CD10A107}.Debug|Any CPU.Build.0 = Debug|Any CPU
		{12D127E4-CF7D-461A-B998-CB76CD10A107}.Release|Any CPU.ActiveCfg = Release|Any CPU
		{12D127E4-CF7D-461A-B998-CB76CD10A107}.Release|Any CPU.Build.0 = Release|Any CPU
		{E2B782C0-0ACC-4594-87F5-CBAC39771E30}.Debug|Any CPU.ActiveCfg = Debug|Any CPU
		{E2B782C0-0ACC-4594-87F5-CBAC39771E30}.Debug|Any CPU.Build.0 = Debug|Any CPU
		{E2B782C0-0ACC-4594-87F5-CBAC39771E30}.Release|Any CPU.ActiveCfg = Release|Any CPU
		{E2B782C0-0ACC-4594-87F5-CBAC39771E30}.Release|Any CPU.Build.0 = Release|Any CPU
		{78AEA567-CDC8-4B88-8F9C-07F4B85227D9}.Debug|Any CPU.ActiveCfg = Debug|Any CPU
		{78AEA567-CDC8-4B88-8F9C-07F4B85227D9}.Debug|Any CPU.Build.0 = Debug|Any CPU
		{78AEA567-CDC8-4B88-8F9C-07F4B85227D9}.Release|Any CPU.ActiveCfg = Release|Any CPU
		{78AEA567-CDC8-4B88-8F9C-07F4B85227D9}.Release|Any CPU.Build.0 = Release|Any CPU
		{EC474024-896A-44C6-A89C-36C7DE991898}.Debug|Any CPU.ActiveCfg = Debug|Any CPU
		{EC474024-896A-44C6-A89C-36C7DE991898}.Debug|Any CPU.Build.0 = Debug|Any CPU
		{EC474024-896A-44C6-A89C-36C7DE991898}.Release|Any CPU.ActiveCfg = Release|Any CPU
		{EC474024-896A-44C6-A89C-36C7DE991898}.Release|Any CPU.Build.0 = Release|Any CPU
		{6EFB8E3A-1198-4029-B05E-C15E758779BD}.Debug|Any CPU.ActiveCfg = Debug|Any CPU
		{6EFB8E3A-1198-4029-B05E-C15E758779BD}.Debug|Any CPU.Build.0 = Debug|Any CPU
		{6EFB8E3A-1198-4029-B05E-C15E758779BD}.Release|Any CPU.ActiveCfg = Release|Any CPU
		{6EFB8E3A-1198-4029-B05E-C15E758779BD}.Release|Any CPU.Build.0 = Release|Any CPU
		{13F2902C-9C9B-4CCE-9185-5E2F55EE81CA}.Debug|Any CPU.ActiveCfg = Debug|Any CPU
		{13F2902C-9C9B-4CCE-9185-5E2F55EE81CA}.Debug|Any CPU.Build.0 = Debug|Any CPU
		{13F2902C-9C9B-4CCE-9185-5E2F55EE81CA}.Release|Any CPU.ActiveCfg = Release|Any CPU
		{13F2902C-9C9B-4CCE-9185-5E2F55EE81CA}.Release|Any CPU.Build.0 = Release|Any CPU
		{A55C7611-EB33-4206-A5E1-61DEC6C4A24E}.Debug|Any CPU.ActiveCfg = Debug|Any CPU
		{A55C7611-EB33-4206-A5E1-61DEC6C4A24E}.Debug|Any CPU.Build.0 = Debug|Any CPU
		{A55C7611-EB33-4206-A5E1-61DEC6C4A24E}.Release|Any CPU.ActiveCfg = Release|Any CPU
		{A55C7611-EB33-4206-A5E1-61DEC6C4A24E}.Release|Any CPU.Build.0 = Release|Any CPU
		{C7E0805C-52AA-4699-A48B-0AA3842C501A}.Debug|Any CPU.ActiveCfg = Debug|Any CPU
		{C7E0805C-52AA-4699-A48B-0AA3842C501A}.Debug|Any CPU.Build.0 = Debug|Any CPU
		{C7E0805C-52AA-4699-A48B-0AA3842C501A}.Release|Any CPU.ActiveCfg = Release|Any CPU
		{C7E0805C-52AA-4699-A48B-0AA3842C501A}.Release|Any CPU.Build.0 = Release|Any CPU
		{4F70E5E4-6824-4773-9B7A-1904B96EF6A0}.Debug|Any CPU.ActiveCfg = Debug|Any CPU
		{4F70E5E4-6824-4773-9B7A-1904B96EF6A0}.Debug|Any CPU.Build.0 = Debug|Any CPU
		{4F70E5E4-6824-4773-9B7A-1904B96EF6A0}.Release|Any CPU.ActiveCfg = Release|Any CPU
		{4F70E5E4-6824-4773-9B7A-1904B96EF6A0}.Release|Any CPU.Build.0 = Release|Any CPU
		{D9F9F791-8B5F-4AC9-A3BB-4A79AEB19840}.Debug|Any CPU.ActiveCfg = Debug|Any CPU
		{D9F9F791-8B5F-4AC9-A3BB-4A79AEB19840}.Debug|Any CPU.Build.0 = Debug|Any CPU
		{D9F9F791-8B5F-4AC9-A3BB-4A79AEB19840}.Release|Any CPU.ActiveCfg = Release|Any CPU
		{D9F9F791-8B5F-4AC9-A3BB-4A79AEB19840}.Release|Any CPU.Build.0 = Release|Any CPU
		{BE9F42B3-BCA7-4563-9DDB-79CCC9C99993}.Debug|Any CPU.ActiveCfg = Debug|Any CPU
		{BE9F42B3-BCA7-4563-9DDB-79CCC9C99993}.Debug|Any CPU.Build.0 = Debug|Any CPU
		{BE9F42B3-BCA7-4563-9DDB-79CCC9C99993}.Release|Any CPU.ActiveCfg = Release|Any CPU
		{BE9F42B3-BCA7-4563-9DDB-79CCC9C99993}.Release|Any CPU.Build.0 = Release|Any CPU
		{E5661DF5-A017-43D8-8874-E4B32E4650A4}.Debug|Any CPU.ActiveCfg = Debug|Any CPU
		{E5661DF5-A017-43D8-8874-E4B32E4650A4}.Debug|Any CPU.Build.0 = Debug|Any CPU
		{E5661DF5-A017-43D8-8874-E4B32E4650A4}.Release|Any CPU.ActiveCfg = Release|Any CPU
		{E5661DF5-A017-43D8-8874-E4B32E4650A4}.Release|Any CPU.Build.0 = Release|Any CPU
		{8CE6132E-DD84-4137-A09C-0C4660DCC98F}.Debug|Any CPU.ActiveCfg = Debug|Any CPU
		{8CE6132E-DD84-4137-A09C-0C4660DCC98F}.Debug|Any CPU.Build.0 = Debug|Any CPU
		{8CE6132E-DD84-4137-A09C-0C4660DCC98F}.Release|Any CPU.ActiveCfg = Release|Any CPU
		{8CE6132E-DD84-4137-A09C-0C4660DCC98F}.Release|Any CPU.Build.0 = Release|Any CPU
		{CC1FF91F-C0A9-4729-9863-45A688483F84}.Debug|Any CPU.ActiveCfg = Debug|Any CPU
		{CC1FF91F-C0A9-4729-9863-45A688483F84}.Debug|Any CPU.Build.0 = Debug|Any CPU
		{CC1FF91F-C0A9-4729-9863-45A688483F84}.Release|Any CPU.ActiveCfg = Release|Any CPU
		{CC1FF91F-C0A9-4729-9863-45A688483F84}.Release|Any CPU.Build.0 = Release|Any CPU
		{AE328174-EBB5-49CF-B642-DBF6CEB2EA4B}.Debug|Any CPU.ActiveCfg = Debug|Any CPU
		{AE328174-EBB5-49CF-B642-DBF6CEB2EA4B}.Debug|Any CPU.Build.0 = Debug|Any CPU
		{AE328174-EBB5-49CF-B642-DBF6CEB2EA4B}.Release|Any CPU.ActiveCfg = Release|Any CPU
		{AE328174-EBB5-49CF-B642-DBF6CEB2EA4B}.Release|Any CPU.Build.0 = Release|Any CPU
	EndGlobalSection
	GlobalSection(SolutionProperties) = preSolution
		HideSolutionNode = FALSE
	EndGlobalSection
	GlobalSection(NestedProjects) = preSolution
		{F5B53C32-1CE4-48D2-B945-6BA8B1A49CF3} = {6DE4B49E-AC38-4E35-82CD-D52731503111}
		{7AC93D71-E528-4BDA-AEEF-47876EC5F5A0} = {6DE4B49E-AC38-4E35-82CD-D52731503111}
		{20C1971A-6352-4FD1-AFE9-3E81206B7957} = {F5B53C32-1CE4-48D2-B945-6BA8B1A49CF3}
		{BE9A3BCB-3F92-4E2F-B575-9B53C3D2BD06} = {F5B53C32-1CE4-48D2-B945-6BA8B1A49CF3}
		{2C78505A-3F7F-4B35-962B-1F953C4B375D} = {F5B53C32-1CE4-48D2-B945-6BA8B1A49CF3}
		{B8C5A92B-59E8-4C75-98A1-9D4D64F63258} = {F5B53C32-1CE4-48D2-B945-6BA8B1A49CF3}
		{12D127E4-CF7D-461A-B998-CB76CD10A107} = {F5B53C32-1CE4-48D2-B945-6BA8B1A49CF3}
		{E2B782C0-0ACC-4594-87F5-CBAC39771E30} = {F5B53C32-1CE4-48D2-B945-6BA8B1A49CF3}
		{78AEA567-CDC8-4B88-8F9C-07F4B85227D9} = {F5B53C32-1CE4-48D2-B945-6BA8B1A49CF3}
		{EC474024-896A-44C6-A89C-36C7DE991898} = {F5B53C32-1CE4-48D2-B945-6BA8B1A49CF3}
		{6EFB8E3A-1198-4029-B05E-C15E758779BD} = {F5B53C32-1CE4-48D2-B945-6BA8B1A49CF3}
		{13F2902C-9C9B-4CCE-9185-5E2F55EE81CA} = {7AC93D71-E528-4BDA-AEEF-47876EC5F5A0}
		{A55C7611-EB33-4206-A5E1-61DEC6C4A24E} = {7AC93D71-E528-4BDA-AEEF-47876EC5F5A0}
		{C7E0805C-52AA-4699-A48B-0AA3842C501A} = {7AC93D71-E528-4BDA-AEEF-47876EC5F5A0}
		{4F70E5E4-6824-4773-9B7A-1904B96EF6A0} = {7AC93D71-E528-4BDA-AEEF-47876EC5F5A0}
		{D9F9F791-8B5F-4AC9-A3BB-4A79AEB19840} = {7AC93D71-E528-4BDA-AEEF-47876EC5F5A0}
		{BE9F42B3-BCA7-4563-9DDB-79CCC9C99993} = {7AC93D71-E528-4BDA-AEEF-47876EC5F5A0}
		{E5661DF5-A017-43D8-8874-E4B32E4650A4} = {7AC93D71-E528-4BDA-AEEF-47876EC5F5A0}
		{8CE6132E-DD84-4137-A09C-0C4660DCC98F} = {7AC93D71-E528-4BDA-AEEF-47876EC5F5A0}
		{CC1FF91F-C0A9-4729-9863-45A688483F84} = {7AC93D71-E528-4BDA-AEEF-47876EC5F5A0}
		{AE328174-EBB5-49CF-B642-DBF6CEB2EA4B} = {6DE4B49E-AC38-4E35-82CD-D52731503111}
	EndGlobalSection
EndGlobal
